
Microsoft Visual Studio Solution File, Format Version 12.00
# Visual Studio 15
VisualStudioVersion = 15.0.27130.2026
MinimumVisualStudioVersion = 10.0.40219.1
Project("{9A19103F-16F7-4668-BE54-9A1E7A4F7556}") = "FileImporter", "src\FileImporter\FileImporter.csproj", "{FEC19554-04CA-416D-A771-485D73EC3001}"
EndProject
Project("{9A19103F-16F7-4668-BE54-9A1E7A4F7556}") = "FileImporter.Test", "tests\FileImporter.Test\FileImporter.Test.csproj", "{2F6E7A87-C560-459D-B730-3D8A335A3CC9}"
EndProject
Project("{9A19103F-16F7-4668-BE54-9A1E7A4F7556}") = "TestHelper", "tests\TestHelper\TestHelper.csproj", "{105D5482-9356-41FE-A637-5AB15EE639D8}"
EndProject
Project("{9A19103F-16F7-4668-BE54-9A1E7A4F7556}") = "LuceneNet.Test", "tests\LuceneNet.Test\LuceneNet.Test.csproj", "{C53D005C-2022-494F-B313-BBEB41C8A96F}"
EndProject
Project("{9A19103F-16F7-4668-BE54-9A1E7A4F7556}") = "ExifToolWrapper", "src\ExifToolWrapper\ExifToolWrapper.csproj", "{34632040-7AF4-4A39-A10D-91DEF204BB4F}"
EndProject
Project("{9A19103F-16F7-4668-BE54-9A1E7A4F7556}") = "Picasa", "src\Picasa\Picasa.csproj", "{C084E7AB-DA0D-485A-ACDE-53D3966BA0A4}"
EndProject
Project("{9A19103F-16F7-4668-BE54-9A1E7A4F7556}") = "Picasa.Test", "tests\Picasa.Test\Picasa.Test.csproj", "{2610322E-3632-48E1-B51D-DAC9297156B9}"
EndProject
Project("{9A19103F-16F7-4668-BE54-9A1E7A4F7556}") = "Core", "src\Core\Core.csproj", "{863E4047-13FE-4924-AFDB-DA88661679B4}"
EndProject
Project("{2150E333-8FDC-42A3-9474-1A3956D46DE8}") = "Implementations", "Implementations", "{0F1A8088-DA52-4A07-8500-A0FB7168A83D}"
EndProject
Project("{9A19103F-16F7-4668-BE54-9A1E7A4F7556}") = "Core.Test", "tests\Core.Test\Core.Test.csproj", "{BCE96109-DFFC-4448-AA06-0B6FC2BBB64D}"
EndProject
Project("{9A19103F-16F7-4668-BE54-9A1E7A4F7556}") = "ExifToolWrapper.Test", "tests\ExifToolWrapper.Test\ExifToolWrapper.Test.csproj", "{E0706C88-803B-4EF1-9A4B-A08F9181016E}"
EndProject
Project("{9A19103F-16F7-4668-BE54-9A1E7A4F7556}") = "NetMq.Test", "tests\NetMq.Test\NetMq.Test.csproj", "{C88BEAB8-8FCA-49C1-B0AB-E68EF3911AAC}"
EndProject
Project("{9A19103F-16F7-4668-BE54-9A1E7A4F7556}") = "SearchEngine.Lucene.Core", "src\SearchEngine.Lucene.Core\SearchEngine.Lucene.Core.csproj", "{5DB9F3E8-3E0C-4750-B70C-21E8A3305AC4}"
EndProject
Project("{2150E333-8FDC-42A3-9474-1A3956D46DE8}") = "SearchEngine", "SearchEngine", "{0364CB15-A4A9-4100-A70C-64B5F5088069}"
EndProject
Project("{9A19103F-16F7-4668-BE54-9A1E7A4F7556}") = "SearchEngine.Lucene.Core.Test", "tests\SearchEngine.Lucene.Core.Test\SearchEngine.Lucene.Core.Test.csproj", "{3E96CD8A-C800-46FB-B559-CBF879C4E86A}"
EndProject
Project("{9A19103F-16F7-4668-BE54-9A1E7A4F7556}") = "SearchEngine.Interface", "src\SearchEngine.Interface\SearchEngine.Interface.csproj", "{6B6356F3-361D-4783-8526-0AC1C34D04CD}"
EndProject
Project("{9A19103F-16F7-4668-BE54-9A1E7A4F7556}") = "CQRSlite.Test", "tests\CQRSlite.Test\CQRSlite.Test.csproj", "{4372D252-35EB-427C-99AF-1F759C9350CA}"
EndProject
Project("{2150E333-8FDC-42A3-9474-1A3956D46DE8}") = "Solution Items", "Solution Items", "{A9F4B37E-AFE1-496B-93DD-1AF413FAEDF0}"
	ProjectSection(SolutionItems) = preProject
		.editorconfig = .editorconfig
		appveyor.yml = appveyor.yml
		EagleEye.ruleset = EagleEye.ruleset
		EXIFTOOL_VERSION = EXIFTOOL_VERSION
	EndProjectSection
EndProject
Project("{9A19103F-16F7-4668-BE54-9A1E7A4F7556}") = "Helpers", "src\Helpers\Helpers.csproj", "{EFB6BFEE-D62F-4F8E-A88D-DCDC0127BE89}"
EndProject
Project("{9A19103F-16F7-4668-BE54-9A1E7A4F7556}") = "SearchEngine.Lucene.ReadModel", "src\SearchEngine.Lucene.ReadModel\SearchEngine.Lucene.ReadModel.csproj", "{4D01785D-A758-4F4A-A0E8-61CED8ED98EB}"
EndProject
Global
	GlobalSection(SolutionConfigurationPlatforms) = preSolution
		Debug|Any CPU = Debug|Any CPU
		Release|Any CPU = Release|Any CPU
	EndGlobalSection
	GlobalSection(ProjectConfigurationPlatforms) = postSolution
		{FEC19554-04CA-416D-A771-485D73EC3001}.Debug|Any CPU.ActiveCfg = Debug|Any CPU
		{FEC19554-04CA-416D-A771-485D73EC3001}.Debug|Any CPU.Build.0 = Debug|Any CPU
		{FEC19554-04CA-416D-A771-485D73EC3001}.Release|Any CPU.ActiveCfg = Release|Any CPU
		{FEC19554-04CA-416D-A771-485D73EC3001}.Release|Any CPU.Build.0 = Release|Any CPU
		{2F6E7A87-C560-459D-B730-3D8A335A3CC9}.Debug|Any CPU.ActiveCfg = Debug|Any CPU
		{2F6E7A87-C560-459D-B730-3D8A335A3CC9}.Debug|Any CPU.Build.0 = Debug|Any CPU
		{2F6E7A87-C560-459D-B730-3D8A335A3CC9}.Release|Any CPU.ActiveCfg = Release|Any CPU
		{2F6E7A87-C560-459D-B730-3D8A335A3CC9}.Release|Any CPU.Build.0 = Release|Any CPU
		{105D5482-9356-41FE-A637-5AB15EE639D8}.Debug|Any CPU.ActiveCfg = Debug|Any CPU
		{105D5482-9356-41FE-A637-5AB15EE639D8}.Debug|Any CPU.Build.0 = Debug|Any CPU
		{105D5482-9356-41FE-A637-5AB15EE639D8}.Release|Any CPU.ActiveCfg = Release|Any CPU
		{105D5482-9356-41FE-A637-5AB15EE639D8}.Release|Any CPU.Build.0 = Release|Any CPU
		{C53D005C-2022-494F-B313-BBEB41C8A96F}.Debug|Any CPU.ActiveCfg = Debug|Any CPU
		{C53D005C-2022-494F-B313-BBEB41C8A96F}.Debug|Any CPU.Build.0 = Debug|Any CPU
		{C53D005C-2022-494F-B313-BBEB41C8A96F}.Release|Any CPU.ActiveCfg = Release|Any CPU
		{C53D005C-2022-494F-B313-BBEB41C8A96F}.Release|Any CPU.Build.0 = Release|Any CPU
		{34632040-7AF4-4A39-A10D-91DEF204BB4F}.Debug|Any CPU.ActiveCfg = Debug|Any CPU
		{34632040-7AF4-4A39-A10D-91DEF204BB4F}.Debug|Any CPU.Build.0 = Debug|Any CPU
		{34632040-7AF4-4A39-A10D-91DEF204BB4F}.Release|Any CPU.ActiveCfg = Release|Any CPU
		{34632040-7AF4-4A39-A10D-91DEF204BB4F}.Release|Any CPU.Build.0 = Release|Any CPU
		{C084E7AB-DA0D-485A-ACDE-53D3966BA0A4}.Debug|Any CPU.ActiveCfg = Debug|Any CPU
		{C084E7AB-DA0D-485A-ACDE-53D3966BA0A4}.Debug|Any CPU.Build.0 = Debug|Any CPU
		{C084E7AB-DA0D-485A-ACDE-53D3966BA0A4}.Release|Any CPU.ActiveCfg = Release|Any CPU
		{C084E7AB-DA0D-485A-ACDE-53D3966BA0A4}.Release|Any CPU.Build.0 = Release|Any CPU
		{2610322E-3632-48E1-B51D-DAC9297156B9}.Debug|Any CPU.ActiveCfg = Debug|Any CPU
		{2610322E-3632-48E1-B51D-DAC9297156B9}.Debug|Any CPU.Build.0 = Debug|Any CPU
		{2610322E-3632-48E1-B51D-DAC9297156B9}.Release|Any CPU.ActiveCfg = Release|Any CPU
		{2610322E-3632-48E1-B51D-DAC9297156B9}.Release|Any CPU.Build.0 = Release|Any CPU
		{863E4047-13FE-4924-AFDB-DA88661679B4}.Debug|Any CPU.ActiveCfg = Debug|Any CPU
		{863E4047-13FE-4924-AFDB-DA88661679B4}.Debug|Any CPU.Build.0 = Debug|Any CPU
		{863E4047-13FE-4924-AFDB-DA88661679B4}.Release|Any CPU.ActiveCfg = Release|Any CPU
		{863E4047-13FE-4924-AFDB-DA88661679B4}.Release|Any CPU.Build.0 = Release|Any CPU
		{BCE96109-DFFC-4448-AA06-0B6FC2BBB64D}.Debug|Any CPU.ActiveCfg = Debug|Any CPU
		{BCE96109-DFFC-4448-AA06-0B6FC2BBB64D}.Debug|Any CPU.Build.0 = Debug|Any CPU
		{BCE96109-DFFC-4448-AA06-0B6FC2BBB64D}.Release|Any CPU.ActiveCfg = Release|Any CPU
		{BCE96109-DFFC-4448-AA06-0B6FC2BBB64D}.Release|Any CPU.Build.0 = Release|Any CPU
		{E0706C88-803B-4EF1-9A4B-A08F9181016E}.Debug|Any CPU.ActiveCfg = Debug|Any CPU
		{E0706C88-803B-4EF1-9A4B-A08F9181016E}.Debug|Any CPU.Build.0 = Debug|Any CPU
		{E0706C88-803B-4EF1-9A4B-A08F9181016E}.Release|Any CPU.ActiveCfg = Release|Any CPU
		{E0706C88-803B-4EF1-9A4B-A08F9181016E}.Release|Any CPU.Build.0 = Release|Any CPU
		{C88BEAB8-8FCA-49C1-B0AB-E68EF3911AAC}.Debug|Any CPU.ActiveCfg = Debug|Any CPU
		{C88BEAB8-8FCA-49C1-B0AB-E68EF3911AAC}.Debug|Any CPU.Build.0 = Debug|Any CPU
		{C88BEAB8-8FCA-49C1-B0AB-E68EF3911AAC}.Release|Any CPU.ActiveCfg = Release|Any CPU
		{C88BEAB8-8FCA-49C1-B0AB-E68EF3911AAC}.Release|Any CPU.Build.0 = Release|Any CPU
		{5DB9F3E8-3E0C-4750-B70C-21E8A3305AC4}.Debug|Any CPU.ActiveCfg = Debug|Any CPU
		{5DB9F3E8-3E0C-4750-B70C-21E8A3305AC4}.Debug|Any CPU.Build.0 = Debug|Any CPU
		{5DB9F3E8-3E0C-4750-B70C-21E8A3305AC4}.Release|Any CPU.ActiveCfg = Release|Any CPU
		{5DB9F3E8-3E0C-4750-B70C-21E8A3305AC4}.Release|Any CPU.Build.0 = Release|Any CPU
		{3E96CD8A-C800-46FB-B559-CBF879C4E86A}.Debug|Any CPU.ActiveCfg = Debug|Any CPU
		{3E96CD8A-C800-46FB-B559-CBF879C4E86A}.Debug|Any CPU.Build.0 = Debug|Any CPU
		{3E96CD8A-C800-46FB-B559-CBF879C4E86A}.Release|Any CPU.ActiveCfg = Release|Any CPU
		{3E96CD8A-C800-46FB-B559-CBF879C4E86A}.Release|Any CPU.Build.0 = Release|Any CPU
		{6B6356F3-361D-4783-8526-0AC1C34D04CD}.Debug|Any CPU.ActiveCfg = Debug|Any CPU
		{6B6356F3-361D-4783-8526-0AC1C34D04CD}.Debug|Any CPU.Build.0 = Debug|Any CPU
		{6B6356F3-361D-4783-8526-0AC1C34D04CD}.Release|Any CPU.ActiveCfg = Release|Any CPU
		{6B6356F3-361D-4783-8526-0AC1C34D04CD}.Release|Any CPU.Build.0 = Release|Any CPU
		{4372D252-35EB-427C-99AF-1F759C9350CA}.Debug|Any CPU.ActiveCfg = Debug|Any CPU
		{4372D252-35EB-427C-99AF-1F759C9350CA}.Debug|Any CPU.Build.0 = Debug|Any CPU
		{4372D252-35EB-427C-99AF-1F759C9350CA}.Release|Any CPU.ActiveCfg = Release|Any CPU
		{4372D252-35EB-427C-99AF-1F759C9350CA}.Release|Any CPU.Build.0 = Release|Any CPU
		{EFB6BFEE-D62F-4F8E-A88D-DCDC0127BE89}.Debug|Any CPU.ActiveCfg = Debug|Any CPU
		{EFB6BFEE-D62F-4F8E-A88D-DCDC0127BE89}.Debug|Any CPU.Build.0 = Debug|Any CPU
		{EFB6BFEE-D62F-4F8E-A88D-DCDC0127BE89}.Release|Any CPU.ActiveCfg = Release|Any CPU
		{EFB6BFEE-D62F-4F8E-A88D-DCDC0127BE89}.Release|Any CPU.Build.0 = Release|Any CPU
		{4D01785D-A758-4F4A-A0E8-61CED8ED98EB}.Debug|Any CPU.ActiveCfg = Debug|Any CPU
		{4D01785D-A758-4F4A-A0E8-61CED8ED98EB}.Debug|Any CPU.Build.0 = Debug|Any CPU
		{4D01785D-A758-4F4A-A0E8-61CED8ED98EB}.Release|Any CPU.ActiveCfg = Release|Any CPU
		{4D01785D-A758-4F4A-A0E8-61CED8ED98EB}.Release|Any CPU.Build.0 = Release|Any CPU
	EndGlobalSection
	GlobalSection(SolutionProperties) = preSolution
		HideSolutionNode = FALSE
	EndGlobalSection
	GlobalSection(NestedProjects) = preSolution
		{C53D005C-2022-494F-B313-BBEB41C8A96F} = {0F1A8088-DA52-4A07-8500-A0FB7168A83D}
		{34632040-7AF4-4A39-A10D-91DEF204BB4F} = {0F1A8088-DA52-4A07-8500-A0FB7168A83D}
		{C084E7AB-DA0D-485A-ACDE-53D3966BA0A4} = {0F1A8088-DA52-4A07-8500-A0FB7168A83D}
		{2610322E-3632-48E1-B51D-DAC9297156B9} = {0F1A8088-DA52-4A07-8500-A0FB7168A83D}
		{E0706C88-803B-4EF1-9A4B-A08F9181016E} = {0F1A8088-DA52-4A07-8500-A0FB7168A83D}
		{C88BEAB8-8FCA-49C1-B0AB-E68EF3911AAC} = {0F1A8088-DA52-4A07-8500-A0FB7168A83D}
		{5DB9F3E8-3E0C-4750-B70C-21E8A3305AC4} = {0364CB15-A4A9-4100-A70C-64B5F5088069}
		{3E96CD8A-C800-46FB-B559-CBF879C4E86A} = {0364CB15-A4A9-4100-A70C-64B5F5088069}
		{6B6356F3-361D-4783-8526-0AC1C34D04CD} = {0364CB15-A4A9-4100-A70C-64B5F5088069}
		{4372D252-35EB-427C-99AF-1F759C9350CA} = {0F1A8088-DA52-4A07-8500-A0FB7168A83D}
		{4D01785D-A758-4F4A-A0E8-61CED8ED98EB} = {0364CB15-A4A9-4100-A70C-64B5F5088069}
	EndGlobalSection
	GlobalSection(ExtensibilityGlobals) = postSolution
		SolutionGuid = {B7C2606B-F2C8-4C33-8571-8D27AC814D68}
	EndGlobalSection
EndGlobal
